
Microsoft Visual Studio Solution File, Format Version 12.00
# Visual Studio Version 16
VisualStudioVersion = 16.0.29230.47
MinimumVisualStudioVersion = 10.0.40219.1
Project("{FAE04EC0-301F-11D3-BF4B-00C04F79EFBC}") = "ShapeSorter", "ShapeSorter\ShapeSorter.csproj", "{6A6566B1-A739-4D3B-AE47-0D3368F1E422}"
EndProject
Global
	GlobalSection(SolutionConfigurationPlatforms) = preSolution
		Debug|Any CPU = Debug|Any CPU
		Release|Any CPU = Release|Any CPU
	EndGlobalSection
	GlobalSection(ProjectConfigurationPlatforms) = postSolution
		{6A6566B1-A739-4D3B-AE47-0D3368F1E422}.Debug|Any CPU.ActiveCfg = Debug|Any CPU
		{6A6566B1-A739-4D3B-AE47-0D3368F1E422}.Debug|Any CPU.Build.0 = Debug|Any CPU
		{6A6566B1-A739-4D3B-AE47-0D3368F1E422}.Release|Any CPU.ActiveCfg = Release|Any CPU
		{6A6566B1-A739-4D3B-AE47-0D3368F1E422}.Release|Any CPU.Build.0 = Release|Any CPU
	EndGlobalSection
	GlobalSection(SolutionProperties) = preSolution
		HideSolutionNode = FALSE
	EndGlobalSection
	GlobalSection(ExtensibilityGlobals) = postSolution
		SolutionGuid = {E130DAB7-4357-41AA-8BD7-39742680003B}
	EndGlobalSection
EndGlobal
